
Microsoft Visual Studio Solution File, Format Version 12.00
# Visual Studio Version 17
VisualStudioVersion = 17.4.33110.190
MinimumVisualStudioVersion = 10.0.40219.1
Project("{888888A0-9F3D-457C-B088-3A5042F75D52}") = "lesson11", "lesson11\lesson11.pyproj", "{268207DF-9AF9-4782-AEC0-258A61875541}"
EndProject
Global
	GlobalSection(SolutionConfigurationPlatforms) = preSolution
		Debug|Any CPU = Debug|Any CPU
		Release|Any CPU = Release|Any CPU
	EndGlobalSection
	GlobalSection(ProjectConfigurationPlatforms) = postSolution
		{268207DF-9AF9-4782-AEC0-258A61875541}.Debug|Any CPU.ActiveCfg = Debug|Any CPU
		{268207DF-9AF9-4782-AEC0-258A61875541}.Release|Any CPU.ActiveCfg = Release|Any CPU
	EndGlobalSection
	GlobalSection(SolutionProperties) = preSolution
		HideSolutionNode = FALSE
	EndGlobalSection
	GlobalSection(ExtensibilityGlobals) = postSolution
		SolutionGuid = {8CF808BA-E809-4706-BB24-ABD60676E26A}
	EndGlobalSection
EndGlobal
