
Microsoft Visual Studio Solution File, Format Version 12.00
# Visual Studio Version 17
VisualStudioVersion = 17.4.33110.190
MinimumVisualStudioVersion = 10.0.40219.1
Project("{888888A0-9F3D-457C-B088-3A5042F75D52}") = "lesson23", "lesson23\lesson23.pyproj", "{81C150B8-CD50-471A-9E38-96D8ABD73A9D}"
EndProject
Global
	GlobalSection(SolutionConfigurationPlatforms) = preSolution
		Debug|Any CPU = Debug|Any CPU
		Release|Any CPU = Release|Any CPU
	EndGlobalSection
	GlobalSection(ProjectConfigurationPlatforms) = postSolution
		{81C150B8-CD50-471A-9E38-96D8ABD73A9D}.Debug|Any CPU.ActiveCfg = Debug|Any CPU
		{81C150B8-CD50-471A-9E38-96D8ABD73A9D}.Release|Any CPU.ActiveCfg = Release|Any CPU
	EndGlobalSection
	GlobalSection(SolutionProperties) = preSolution
		HideSolutionNode = FALSE
	EndGlobalSection
	GlobalSection(ExtensibilityGlobals) = postSolution
		SolutionGuid = {08D68026-E0CD-4B35-8D43-14AB7C6369D5}
	EndGlobalSection
EndGlobal
