
Microsoft Visual Studio Solution File, Format Version 12.00
# Visual Studio Version 17
VisualStudioVersion = 17.4.33110.190
MinimumVisualStudioVersion = 10.0.40219.1
Project("{888888A0-9F3D-457C-B088-3A5042F75D52}") = "lesson25", "lesson25\lesson25.pyproj", "{03C62412-0CEE-4C0B-9F47-7FE0B6A83E8E}"
EndProject
Global
	GlobalSection(SolutionConfigurationPlatforms) = preSolution
		Debug|Any CPU = Debug|Any CPU
		Release|Any CPU = Release|Any CPU
	EndGlobalSection
	GlobalSection(ProjectConfigurationPlatforms) = postSolution
		{03C62412-0CEE-4C0B-9F47-7FE0B6A83E8E}.Debug|Any CPU.ActiveCfg = Debug|Any CPU
		{03C62412-0CEE-4C0B-9F47-7FE0B6A83E8E}.Release|Any CPU.ActiveCfg = Release|Any CPU
	EndGlobalSection
	GlobalSection(SolutionProperties) = preSolution
		HideSolutionNode = FALSE
	EndGlobalSection
	GlobalSection(ExtensibilityGlobals) = postSolution
		SolutionGuid = {B0BD36F5-B178-4227-94A1-1B2344E12BEA}
	EndGlobalSection
EndGlobal
